// !$*UTF8*$!
{
	archiveVersion = 1;
	classes = {
	};
	objectVersion = 50;
	objects = {

/* Begin PBXBuildFile section */
		B61BBC8723E05CE400CC802A /* AppDelegate.swift in Sources */ = {isa = PBXBuildFile; fileRef = B61BBC8623E05CE400CC802A /* AppDelegate.swift */; };
		B61BBC8923E05CE400CC802A /* SceneDelegate.swift in Sources */ = {isa = PBXBuildFile; fileRef = B61BBC8823E05CE400CC802A /* SceneDelegate.swift */; };
		B61BBC8B23E05CE400CC802A /* ViewController.swift in Sources */ = {isa = PBXBuildFile; fileRef = B61BBC8A23E05CE400CC802A /* ViewController.swift */; };
		B61BBC8E23E05CE400CC802A /* Main.storyboard in Resources */ = {isa = PBXBuildFile; fileRef = B61BBC8C23E05CE400CC802A /* Main.storyboard */; };
		B61BBC9023E05CE600CC802A /* Assets.xcassets in Resources */ = {isa = PBXBuildFile; fileRef = B61BBC8F23E05CE600CC802A /* Assets.xcassets */; };
		B61BBC9323E05CE600CC802A /* LaunchScreen.storyboard in Resources */ = {isa = PBXBuildFile; fileRef = B61BBC9123E05CE600CC802A /* LaunchScreen.storyboard */; };
		B61BBC9B23E05D7D00CC802A /* Resnet50.mlmodel in Sources */ = {isa = PBXBuildFile; fileRef = B61BBC9A23E05D7D00CC802A /* Resnet50.mlmodel */; };
/* End PBXBuildFile section */

/* Begin PBXFileReference section */
		B61BBC8323E05CE400CC802A /* imageAI.app */ = {isa = PBXFileReference; explicitFileType = wrapper.application; includeInIndex = 0; path = imageAI.app; sourceTree = BUILT_PRODUCTS_DIR; };
		B61BBC8623E05CE400CC802A /* AppDelegate.swift */ = {isa = PBXFileReference; lastKnownFileType = sourcecode.swift; path = AppDelegate.swift; sourceTree = "<group>"; };
		B61BBC8823E05CE400CC802A /* SceneDelegate.swift */ = {isa = PBXFileReference; lastKnownFileType = sourcecode.swift; path = SceneDelegate.swift; sourceTree = "<group>"; };
		B61BBC8A23E05CE400CC802A /* ViewController.swift */ = {isa = PBXFileReference; lastKnownFileType = sourcecode.swift; path = ViewController.swift; sourceTree = "<group>"; };
		B61BBC8D23E05CE400CC802A /* Base */ = {isa = PBXFileReference; lastKnownFileType = file.storyboard; name = Base; path = Base.lproj/Main.storyboard; sourceTree = "<group>"; };
		B61BBC8F23E05CE600CC802A /* Assets.xcassets */ = {isa = PBXFileReference; lastKnownFileType = folder.assetcatalog; path = Assets.xcassets; sourceTree = "<group>"; };
		B61BBC9223E05CE600CC802A /* Base */ = {isa = PBXFileReference; lastKnownFileType = file.storyboard; name = Base; path = Base.lproj/LaunchScreen.storyboard; sourceTree = "<group>"; };
		B61BBC9423E05CE600CC802A /* Info.plist */ = {isa = PBXFileReference; lastKnownFileType = text.plist.xml; path = Info.plist; sourceTree = "<group>"; };
		B61BBC9A23E05D7D00CC802A /* Resnet50.mlmodel */ = {isa = PBXFileReference; lastKnownFileType = file.mlmodel; path = Resnet50.mlmodel; sourceTree = "<group>"; };
/* End PBXFileReference section */

/* Begin PBXFrameworksBuildPhase section */
		B61BBC8023E05CE400CC802A /* Frameworks */ = {
			isa = PBXFrameworksBuildPhase;
			buildActionMask = 2147483647;
			files = (
			);
			runOnlyForDeploymentPostprocessing = 0;
		};
/* End PBXFrameworksBuildPhase section */

/* Begin PBXGroup section */
		B61BBC7A23E05CE400CC802A = {
			isa = PBXGroup;
			children = (
				B61BBC8523E05CE400CC802A /* imageAI */,
				B61BBC8423E05CE400CC802A /* Products */,
			);
			sourceTree = "<group>";
		};
		B61BBC8423E05CE400CC802A /* Products */ = {
			isa = PBXGroup;
			children = (
				B61BBC8323E05CE400CC802A /* imageAI.app */,
			);
			name = Products;
			sourceTree = "<group>";
		};
		B61BBC8523E05CE400CC802A /* imageAI */ = {
			isa = PBXGroup;
			children = (
				B61BBC8623E05CE400CC802A /* AppDelegate.swift */,
				B61BBC8823E05CE400CC802A /* SceneDelegate.swift */,
				B61BBC8A23E05CE400CC802A /* ViewController.swift */,
				B61BBC9A23E05D7D00CC802A /* Resnet50.mlmodel */,
				B61BBC8C23E05CE400CC802A /* Main.storyboard */,
				B61BBC8F23E05CE600CC802A /* Assets.xcassets */,
				B61BBC9123E05CE600CC802A /* LaunchScreen.storyboard */,
				B61BBC9423E05CE600CC802A /* Info.plist */,
			);
			path = imageAI;
			sourceTree = "<group>";
		};
/* End PBXGroup section */

/* Begin PBXNativeTarget section */
		B61BBC8223E05CE400CC802A /* imageAI */ = {
			isa = PBXNativeTarget;
			buildConfigurationList = B61BBC9723E05CE600CC802A /* Build configuration list for PBXNativeTarget "imageAI" */;
			buildPhases = (
				B61BBC7F23E05CE400CC802A /* Sources */,
				B61BBC8023E05CE400CC802A /* Frameworks */,
				B61BBC8123E05CE400CC802A /* Resources */,
			);
			buildRules = (
			);
			dependencies = (
			);
			name = imageAI;
			productName = imageAI;
			productReference = B61BBC8323E05CE400CC802A /* imageAI.app */;
			productType = "com.apple.product-type.application";
		};
/* End PBXNativeTarget section */

/* Begin PBXProject section */
		B61BBC7B23E05CE400CC802A /* Project object */ = {
			isa = PBXProject;
			attributes = {
				LastSwiftUpdateCheck = 1130;
				LastUpgradeCheck = 1130;
				ORGANIZATIONNAME = GentaNakahara;
				TargetAttributes = {
					B61BBC8223E05CE400CC802A = {
						CreatedOnToolsVersion = 11.3;
					};
				};
			};
			buildConfigurationList = B61BBC7E23E05CE400CC802A /* Build configuration list for PBXProject "imageAI" */;
			compatibilityVersion = "Xcode 9.3";
			developmentRegion = en;
			hasScannedForEncodings = 0;
			knownRegions = (
				en,
				Base,
			);
			mainGroup = B61BBC7A23E05CE400CC802A;
			productRefGroup = B61BBC8423E05CE400CC802A /* Products */;
			projectDirPath = "";
			projectRoot = "";
			targets = (
				B61BBC8223E05CE400CC802A /* imageAI */,
			);
		};
/* End PBXProject section */

/* Begin PBXResourcesBuildPhase section */
		B61BBC8123E05CE400CC802A /* Resources */ = {
			isa = PBXResourcesBuildPhase;
			buildActionMask = 2147483647;
			files = (
				B61BBC9323E05CE600CC802A /* LaunchScreen.storyboard in Resources */,
				B61BBC9023E05CE600CC802A /* Assets.xcassets in Resources */,
				B61BBC8E23E05CE400CC802A /* Main.storyboard in Resources */,
			);
			runOnlyForDeploymentPostprocessing = 0;
		};
/* End PBXResourcesBuildPhase section */

/* Begin PBXSourcesBuildPhase section */
		B61BBC7F23E05CE400CC802A /* Sources */ = {
			isa = PBXSourcesBuildPhase;
			buildActionMask = 2147483647;
			files = (
				B61BBC8B23E05CE400CC802A /* ViewController.swift in Sources */,
				B61BBC8723E05CE400CC802A /* AppDelegate.swift in Sources */,
				B61BBC9B23E05D7D00CC802A /* Resnet50.mlmodel in Sources */,
				B61BBC8923E05CE400CC802A /* SceneDelegate.swift in Sources */,
			);
			runOnlyForDeploymentPostprocessing = 0;
		};
/* End PBXSourcesBuildPhase section */

/* Begin PBXVariantGroup section */
		B61BBC8C23E05CE400CC802A /* Main.storyboard */ = {
			isa = PBXVariantGroup;
			children = (
				B61BBC8D23E05CE400CC802A /* Base */,
			);
			name = Main.storyboard;
			sourceTree = "<group>";
		};
		B61BBC9123E05CE600CC802A /* LaunchScreen.storyboard */ = {
			isa = PBXVariantGroup;
			children = (
				B61BBC9223E05CE600CC802A /* Base */,
			);
			name = LaunchScreen.storyboard;
			sourceTree = "<group>";
		};
/* End PBXVariantGroup section */

/* Begin XCBuildConfiguration section */
		B61BBC9523E05CE600CC802A /* Debug */ = {
			isa = XCBuildConfiguration;
			buildSettings = {
				ALWAYS_SEARCH_USER_PATHS = NO;
				CLANG_ANALYZER_NONNULL = YES;
				CLANG_ANALYZER_NUMBER_OBJECT_CONVERSION = YES_AGGRESSIVE;
				CLANG_CXX_LANGUAGE_STANDARD = "gnu++14";
				CLANG_CXX_LIBRARY = "libc++";
				CLANG_ENABLE_MODULES = YES;
				CLANG_ENABLE_OBJC_ARC = YES;
				CLANG_ENABLE_OBJC_WEAK = YES;
				CLANG_WARN_BLOCK_CAPTURE_AUTORELEASING = YES;
				CLANG_WARN_BOOL_CONVERSION = YES;
				CLANG_WARN_COMMA = YES;
				CLANG_WARN_CONSTANT_CONVERSION = YES;
				CLANG_WARN_DEPRECATED_OBJC_IMPLEMENTATIONS = YES;
				CLANG_WARN_DIRECT_OBJC_ISA_USAGE = YES_ERROR;
				CLANG_WARN_DOCUMENTATION_COMMENTS = YES;
				CLANG_WARN_EMPTY_BODY = YES;
				CLANG_WARN_ENUM_CONVERSION = YES;
				CLANG_WARN_INFINITE_RECURSION = YES;
				CLANG_WARN_INT_CONVERSION = YES;
				CLANG_WARN_NON_LITERAL_NULL_CONVERSION = YES;
				CLANG_WARN_OBJC_IMPLICIT_RETAIN_SELF = YES;
				CLANG_WARN_OBJC_LITERAL_CONVERSION = YES;
				CLANG_WARN_OBJC_ROOT_CLASS = YES_ERROR;
				CLANG_WARN_RANGE_LOOP_ANALYSIS = YES;
				CLANG_WARN_STRICT_PROTOTYPES = YES;
				CLANG_WARN_SUSPICIOUS_MOVE = YES;
				CLANG_WARN_UNGUARDED_AVAILABILITY = YES_AGGRESSIVE;
				CLANG_WARN_UNREACHABLE_CODE = YES;
				CLANG_WARN__DUPLICATE_METHOD_MATCH = YES;
				COPY_PHASE_STRIP = NO;
				DEBUG_INFORMATION_FORMAT = dwarf;
				ENABLE_STRICT_OBJC_MSGSEND = YES;
				ENABLE_TESTABILITY = YES;
				GCC_C_LANGUAGE_STANDARD = gnu11;
				GCC_DYNAMIC_NO_PIC = NO;
				GCC_NO_COMMON_BLOCKS = YES;
				GCC_OPTIMIZATION_LEVEL = 0;
				GCC_PREPROCESSOR_DEFINITIONS = (
					"DEBUG=1",
					"$(inherited)",
				);
				GCC_WARN_64_TO_32_BIT_CONVERSION = YES;
				GCC_WARN_ABOUT_RETURN_TYPE = YES_ERROR;
				GCC_WARN_UNDECLARED_SELECTOR = YES;
				GCC_WARN_UNINITIALIZED_AUTOS = YES_AGGRESSIVE;
				GCC_WARN_UNUSED_FUNCTION = YES;
				GCC_WARN_UNUSED_VARIABLE = YES;
				IPHONEOS_DEPLOYMENT_TARGET = 13.2;
				MTL_ENABLE_DEBUG_INFO = INCLUDE_SOURCE;
				MTL_FAST_MATH = YES;
				ONLY_ACTIVE_ARCH = YES;
				SDKROOT = iphoneos;
				SWIFT_ACTIVE_COMPILATION_CONDITIONS = DEBUG;
				SWIFT_OPTIMIZATION_LEVEL = "-Onone";
			};
			name = Debug;
		};
		B61BBC9623E05CE600CC802A /* Release */ = {
			isa = XCBuildConfiguration;
			buildSettings = {
				ALWAYS_SEARCH_USER_PATHS = NO;
				CLANG_ANALYZER_NONNULL = YES;
				CLANG_ANALYZER_NUMBER_OBJECT_CONVERSION = YES_AGGRESSIVE;
				CLANG_CXX_LANGUAGE_STANDARD = "gnu++14";
				CLANG_CXX_LIBRARY = "libc++";
				CLANG_ENABLE_MODULES = YES;
				CLANG_ENABLE_OBJC_ARC = YES;
				CLANG_ENABLE_OBJC_WEAK = YES;
				CLANG_WARN_BLOCK_CAPTURE_AUTORELEASING = YES;
				CLANG_WARN_BOOL_CONVERSION = YES;
				CLANG_WARN_COMMA = YES;
				CLANG_WARN_CONSTANT_CONVERSION = YES;
				CLANG_WARN_DEPRECATED_OBJC_IMPLEMENTATIONS = YES;
				CLANG_WARN_DIRECT_OBJC_ISA_USAGE = YES_ERROR;
				CLANG_WARN_DOCUMENTATION_COMMENTS = YES;
				CLANG_WARN_EMPTY_BODY = YES;
				CLANG_WARN_ENUM_CONVERSION = YES;
				CLANG_WARN_INFINITE_RECURSION = YES;
				CLANG_WARN_INT_CONVERSION = YES;
				CLANG_WARN_NON_LITERAL_NULL_CONVERSION = YES;
				CLANG_WARN_OBJC_IMPLICIT_RETAIN_SELF = YES;
				CLANG_WARN_OBJC_LITERAL_CONVERSION = YES;
				CLANG_WARN_OBJC_ROOT_CLASS = YES_ERROR;
				CLANG_WARN_RANGE_LOOP_ANALYSIS = YES;
				CLANG_WARN_STRICT_PROTOTYPES = YES;
				CLANG_WARN_SUSPICIOUS_MOVE = YES;
				CLANG_WARN_UNGUARDED_AVAILABILITY = YES_AGGRESSIVE;
				CLANG_WARN_UNREACHABLE_CODE = YES;
				CLANG_WARN__DUPLICATE_METHOD_MATCH = YES;
				COPY_PHASE_STRIP = NO;
				DEBUG_INFORMATION_FORMAT = "dwarf-with-dsym";
				ENABLE_NS_ASSERTIONS = NO;
				ENABLE_STRICT_OBJC_MSGSEND = YES;
				GCC_C_LANGUAGE_STANDARD = gnu11;
				GCC_NO_COMMON_BLOCKS = YES;
				GCC_WARN_64_TO_32_BIT_CONVERSION = YES;
				GCC_WARN_ABOUT_RETURN_TYPE = YES_ERROR;
				GCC_WARN_UNDECLARED_SELECTOR = YES;
				GCC_WARN_UNINITIALIZED_AUTOS = YES_AGGRESSIVE;
				GCC_WARN_UNUSED_FUNCTION = YES;
				GCC_WARN_UNUSED_VARIABLE = YES;
				IPHONEOS_DEPLOYMENT_TARGET = 13.2;
				MTL_ENABLE_DEBUG_INFO = NO;
				MTL_FAST_MATH = YES;
				SDKROOT = iphoneos;
				SWIFT_COMPILATION_MODE = wholemodule;
				SWIFT_OPTIMIZATION_LEVEL = "-O";
				VALIDATE_PRODUCT = YES;
			};
			name = Release;
		};
		B61BBC9823E05CE600CC802A /* Debug */ = {
			isa = XCBuildConfiguration;
			buildSettings = {
				ASSETCATALOG_COMPILER_APPICON_NAME = AppIcon;
				CODE_SIGN_STYLE = Automatic;
				DEVELOPMENT_TEAM = GY37669CY6;
				INFOPLIST_FILE = imageAI/Info.plist;
				LD_RUNPATH_SEARCH_PATHS = (
					"$(inherited)",
					"@executable_path/Frameworks",
				);
				PRODUCT_BUNDLE_IDENTIFIER = com.nakaharagenta.imageAI;
				PRODUCT_NAME = "$(TARGET_NAME)";
				SWIFT_VERSION = 5.0;
				TARGETED_DEVICE_FAMILY = "1,2";
			};
			name = Debug;
		};
		B61BBC9923E05CE600CC802A /* Release */ = {
			isa = XCBuildConfiguration;
			buildSettings = {
				ASSETCATALOG_COMPILER_APPICON_NAME = AppIcon;
				CODE_SIGN_STYLE = Automatic;
				DEVELOPMENT_TEAM = GY37669CY6;
				INFOPLIST_FILE = imageAI/Info.plist;
				LD_RUNPATH_SEARCH_PATHS = (
					"$(inherited)",
					"@executable_path/Frameworks",
				);
				PRODUCT_BUNDLE_IDENTIFIER = com.nakaharagenta.imageAI;
				PRODUCT_NAME = "$(TARGET_NAME)";
				SWIFT_VERSION = 5.0;
				TARGETED_DEVICE_FAMILY = "1,2";
			};
			name = Release;
		};
/* End XCBuildConfiguration section */

/* Begin XCConfigurationList section */
		B61BBC7E23E05CE400CC802A /* Build configuration list for PBXProject "imageAI" */ = {
			isa = XCConfigurationList;
			buildConfigurations = (
				B61BBC9523E05CE600CC802A /* Debug */,
				B61BBC9623E05CE600CC802A /* Release */,
			);
			defaultConfigurationIsVisible = 0;
			defaultConfigurationName = Release;
		};
		B61BBC9723E05CE600CC802A /* Build configuration list for PBXNativeTarget "imageAI" */ = {
			isa = XCConfigurationList;
			buildConfigurations = (
				B61BBC9823E05CE600CC802A /* Debug */,
				B61BBC9923E05CE600CC802A /* Release */,
			);
			defaultConfigurationIsVisible = 0;
			defaultConfigurationName = Release;
		};
/* End XCConfigurationList section */
	};
	rootObject = B61BBC7B23E05CE400CC802A /* Project object */;
}
